
Microsoft Visual Studio Solution File, Format Version 12.00
# Visual Studio Version 17
VisualStudioVersion = 17.1.32228.430
MinimumVisualStudioVersion = 10.0.40219.1
Project("{FAE04EC0-301F-11D3-BF4B-00C04F79EFBC}") = "lfa_trabalhopratico1_20221", "lfa_trabalhopratico1_20221\lfa_trabalhopratico1_20221.csproj", "{86815E20-1338-49A2-B3E5-9BA823A26E94}"
EndProject
Global
	GlobalSection(SolutionConfigurationPlatforms) = preSolution
		Debug|Any CPU = Debug|Any CPU
		Release|Any CPU = Release|Any CPU
	EndGlobalSection
	GlobalSection(ProjectConfigurationPlatforms) = postSolution
		{86815E20-1338-49A2-B3E5-9BA823A26E94}.Debug|Any CPU.ActiveCfg = Debug|Any CPU
		{86815E20-1338-49A2-B3E5-9BA823A26E94}.Debug|Any CPU.Build.0 = Debug|Any CPU
		{86815E20-1338-49A2-B3E5-9BA823A26E94}.Release|Any CPU.ActiveCfg = Release|Any CPU
		{86815E20-1338-49A2-B3E5-9BA823A26E94}.Release|Any CPU.Build.0 = Release|Any CPU
	EndGlobalSection
	GlobalSection(SolutionProperties) = preSolution
		HideSolutionNode = FALSE
	EndGlobalSection
	GlobalSection(ExtensibilityGlobals) = postSolution
		SolutionGuid = {6ACACF19-CC6E-498F-A91B-4A389CFF21D7}
	EndGlobalSection
EndGlobal
